
Microsoft Visual Studio Solution File, Format Version 12.00
# Visual Studio Version 16
VisualStudioVersion = 16.0.31205.134
MinimumVisualStudioVersion = 10.0.40219.1
Project("{9A19103F-16F7-4668-BE54-9A1E7A4F7556}") = "LL1Trans", "LL1Trans\LL1Trans.csproj", "{57054592-B259-4243-BEDC-2803FE035B49}"
EndProject
Project("{9A19103F-16F7-4668-BE54-9A1E7A4F7556}") = "LL1TransTest", "LL1TransTest\LL1TransTest.csproj", "{93E78B3F-0304-490E-A616-85B72E98CC5A}"
EndProject
Global
	GlobalSection(SolutionConfigurationPlatforms) = preSolution
		Debug|Any CPU = Debug|Any CPU
		Release|Any CPU = Release|Any CPU
	EndGlobalSection
	GlobalSection(ProjectConfigurationPlatforms) = postSolution
		{57054592-B259-4243-BEDC-2803FE035B49}.Debug|Any CPU.ActiveCfg = Debug|Any CPU
		{57054592-B259-4243-BEDC-2803FE035B49}.Debug|Any CPU.Build.0 = Debug|Any CPU
		{57054592-B259-4243-BEDC-2803FE035B49}.Release|Any CPU.ActiveCfg = Release|Any CPU
		{57054592-B259-4243-BEDC-2803FE035B49}.Release|Any CPU.Build.0 = Release|Any CPU
		{93E78B3F-0304-490E-A616-85B72E98CC5A}.Debug|Any CPU.ActiveCfg = Debug|Any CPU
		{93E78B3F-0304-490E-A616-85B72E98CC5A}.Debug|Any CPU.Build.0 = Debug|Any CPU
		{93E78B3F-0304-490E-A616-85B72E98CC5A}.Release|Any CPU.ActiveCfg = Release|Any CPU
		{93E78B3F-0304-490E-A616-85B72E98CC5A}.Release|Any CPU.Build.0 = Release|Any CPU
	EndGlobalSection
	GlobalSection(SolutionProperties) = preSolution
		HideSolutionNode = FALSE
	EndGlobalSection
	GlobalSection(ExtensibilityGlobals) = postSolution
		SolutionGuid = {9A9E5C2F-145B-48B3-95F0-785F2F59AE14}
	EndGlobalSection
EndGlobal
